
Microsoft Visual Studio Solution File, Format Version 12.00
# Visual Studio Version 17
VisualStudioVersion = 17.9.34607.119
MinimumVisualStudioVersion = 10.0.40219.1
Project("{9A19103F-16F7-4668-BE54-9A1E7A4F7556}") = "Hospital Management System.Domain", "Hospital Management System.Domain\Hospital Management System.Domain.csproj", "{615DAEAB-AA54-4584-8DA5-650833397F1D}"
EndProject
Project("{9A19103F-16F7-4668-BE54-9A1E7A4F7556}") = "Hospital Management System.Data", "Hospital Management System.Data\Hospital Management System.Data.csproj", "{4024C654-C06A-4E9C-B24B-994C2E7B357C}"
EndProject
Project("{FAE04EC0-301F-11D3-BF4B-00C04F79EFBC}") = "Hospital Management System.API", "Hospital Management System.API\Hospital Management System.API.csproj", "{F4318C91-DEF6-406B-B8DF-CDE0C0E1BD5F}"
EndProject
Global
	GlobalSection(SolutionConfigurationPlatforms) = preSolution
		Debug|Any CPU = Debug|Any CPU
		Release|Any CPU = Release|Any CPU
	EndGlobalSection
	GlobalSection(ProjectConfigurationPlatforms) = postSolution
		{615DAEAB-AA54-4584-8DA5-650833397F1D}.Debug|Any CPU.ActiveCfg = Debug|Any CPU
		{615DAEAB-AA54-4584-8DA5-650833397F1D}.Debug|Any CPU.Build.0 = Debug|Any CPU
		{615DAEAB-AA54-4584-8DA5-650833397F1D}.Release|Any CPU.ActiveCfg = Release|Any CPU
		{615DAEAB-AA54-4584-8DA5-650833397F1D}.Release|Any CPU.Build.0 = Release|Any CPU
		{4024C654-C06A-4E9C-B24B-994C2E7B357C}.Debug|Any CPU.ActiveCfg = Debug|Any CPU
		{4024C654-C06A-4E9C-B24B-994C2E7B357C}.Debug|Any CPU.Build.0 = Debug|Any CPU
		{4024C654-C06A-4E9C-B24B-994C2E7B357C}.Release|Any CPU.ActiveCfg = Release|Any CPU
		{4024C654-C06A-4E9C-B24B-994C2E7B357C}.Release|Any CPU.Build.0 = Release|Any CPU
		{F4318C91-DEF6-406B-B8DF-CDE0C0E1BD5F}.Debug|Any CPU.ActiveCfg = Debug|Any CPU
		{F4318C91-DEF6-406B-B8DF-CDE0C0E1BD5F}.Debug|Any CPU.Build.0 = Debug|Any CPU
		{F4318C91-DEF6-406B-B8DF-CDE0C0E1BD5F}.Release|Any CPU.ActiveCfg = Release|Any CPU
		{F4318C91-DEF6-406B-B8DF-CDE0C0E1BD5F}.Release|Any CPU.Build.0 = Release|Any CPU
	EndGlobalSection
	GlobalSection(SolutionProperties) = preSolution
		HideSolutionNode = FALSE
	EndGlobalSection
	GlobalSection(ExtensibilityGlobals) = postSolution
		SolutionGuid = {90645B9E-3ECF-4ECA-A860-41C37F89C281}
	EndGlobalSection
EndGlobal
